// !$*UTF8*$!
{
	archiveVersion = 1;
	classes = {
	};
	objectVersion = 55;
	objects = {

/* Begin PBXBuildFile section */
		960117282832762D00D45F93 /* Korail_SwiftUIApp.swift in Sources */ = {isa = PBXBuildFile; fileRef = 960117272832762D00D45F93 /* Korail_SwiftUIApp.swift */; };
		9601172A2832762D00D45F93 /* ContentView.swift in Sources */ = {isa = PBXBuildFile; fileRef = 960117292832762D00D45F93 /* ContentView.swift */; };
		9601172C2832762F00D45F93 /* Assets.xcassets in Resources */ = {isa = PBXBuildFile; fileRef = 9601172B2832762F00D45F93 /* Assets.xcassets */; };
		9601172F2832762F00D45F93 /* Preview Assets.xcassets in Resources */ = {isa = PBXBuildFile; fileRef = 9601172E2832762F00D45F93 /* Preview Assets.xcassets */; };
		960117392832762F00D45F93 /* Korail_SwiftUITests.swift in Sources */ = {isa = PBXBuildFile; fileRef = 960117382832762F00D45F93 /* Korail_SwiftUITests.swift */; };
		960117432832762F00D45F93 /* Korail_SwiftUIUITests.swift in Sources */ = {isa = PBXBuildFile; fileRef = 960117422832762F00D45F93 /* Korail_SwiftUIUITests.swift */; };
		960117452832762F00D45F93 /* Korail_SwiftUIUITestsLaunchTests.swift in Sources */ = {isa = PBXBuildFile; fileRef = 960117442832762F00D45F93 /* Korail_SwiftUIUITestsLaunchTests.swift */; };
/* End PBXBuildFile section */

/* Begin PBXContainerItemProxy section */
		960117352832762F00D45F93 /* PBXContainerItemProxy */ = {
			isa = PBXContainerItemProxy;
			containerPortal = 9601171C2832762D00D45F93 /* Project object */;
			proxyType = 1;
			remoteGlobalIDString = 960117232832762D00D45F93;
			remoteInfo = Korail_SwiftUI;
		};
		9601173F2832762F00D45F93 /* PBXContainerItemProxy */ = {
			isa = PBXContainerItemProxy;
			containerPortal = 9601171C2832762D00D45F93 /* Project object */;
			proxyType = 1;
			remoteGlobalIDString = 960117232832762D00D45F93;
			remoteInfo = Korail_SwiftUI;
		};
/* End PBXContainerItemProxy section */

/* Begin PBXFileReference section */
		960117242832762D00D45F93 /* Korail_SwiftUI.app */ = {isa = PBXFileReference; explicitFileType = wrapper.application; includeInIndex = 0; path = Korail_SwiftUI.app; sourceTree = BUILT_PRODUCTS_DIR; };
		960117272832762D00D45F93 /* Korail_SwiftUIApp.swift */ = {isa = PBXFileReference; lastKnownFileType = sourcecode.swift; path = Korail_SwiftUIApp.swift; sourceTree = "<group>"; };
		960117292832762D00D45F93 /* ContentView.swift */ = {isa = PBXFileReference; lastKnownFileType = sourcecode.swift; path = ContentView.swift; sourceTree = "<group>"; };
		9601172B2832762F00D45F93 /* Assets.xcassets */ = {isa = PBXFileReference; lastKnownFileType = folder.assetcatalog; path = Assets.xcassets; sourceTree = "<group>"; };
		9601172E2832762F00D45F93 /* Preview Assets.xcassets */ = {isa = PBXFileReference; lastKnownFileType = folder.assetcatalog; path = "Preview Assets.xcassets"; sourceTree = "<group>"; };
		960117342832762F00D45F93 /* Korail_SwiftUITests.xctest */ = {isa = PBXFileReference; explicitFileType = wrapper.cfbundle; includeInIndex = 0; path = Korail_SwiftUITests.xctest; sourceTree = BUILT_PRODUCTS_DIR; };
		960117382832762F00D45F93 /* Korail_SwiftUITests.swift */ = {isa = PBXFileReference; lastKnownFileType = sourcecode.swift; path = Korail_SwiftUITests.swift; sourceTree = "<group>"; };
		9601173E2832762F00D45F93 /* Korail_SwiftUIUITests.xctest */ = {isa = PBXFileReference; explicitFileType = wrapper.cfbundle; includeInIndex = 0; path = Korail_SwiftUIUITests.xctest; sourceTree = BUILT_PRODUCTS_DIR; };
		960117422832762F00D45F93 /* Korail_SwiftUIUITests.swift */ = {isa = PBXFileReference; lastKnownFileType = sourcecode.swift; path = Korail_SwiftUIUITests.swift; sourceTree = "<group>"; };
		960117442832762F00D45F93 /* Korail_SwiftUIUITestsLaunchTests.swift */ = {isa = PBXFileReference; lastKnownFileType = sourcecode.swift; path = Korail_SwiftUIUITestsLaunchTests.swift; sourceTree = "<group>"; };
/* End PBXFileReference section */

/* Begin PBXFrameworksBuildPhase section */
		960117212832762D00D45F93 /* Frameworks */ = {
			isa = PBXFrameworksBuildPhase;
			buildActionMask = 2147483647;
			files = (
			);
			runOnlyForDeploymentPostprocessing = 0;
		};
		960117312832762F00D45F93 /* Frameworks */ = {
			isa = PBXFrameworksBuildPhase;
			buildActionMask = 2147483647;
			files = (
			);
			runOnlyForDeploymentPostprocessing = 0;
		};
		9601173B2832762F00D45F93 /* Frameworks */ = {
			isa = PBXFrameworksBuildPhase;
			buildActionMask = 2147483647;
			files = (
			);
			runOnlyForDeploymentPostprocessing = 0;
		};
/* End PBXFrameworksBuildPhase section */

/* Begin PBXGroup section */
		9601171B2832762D00D45F93 = {
			isa = PBXGroup;
			children = (
				960117262832762D00D45F93 /* Korail_SwiftUI */,
				960117372832762F00D45F93 /* Korail_SwiftUITests */,
				960117412832762F00D45F93 /* Korail_SwiftUIUITests */,
				960117252832762D00D45F93 /* Products */,
			);
			sourceTree = "<group>";
		};
		960117252832762D00D45F93 /* Products */ = {
			isa = PBXGroup;
			children = (
				960117242832762D00D45F93 /* Korail_SwiftUI.app */,
				960117342832762F00D45F93 /* Korail_SwiftUITests.xctest */,
				9601173E2832762F00D45F93 /* Korail_SwiftUIUITests.xctest */,
			);
			name = Products;
			sourceTree = "<group>";
		};
		960117262832762D00D45F93 /* Korail_SwiftUI */ = {
			isa = PBXGroup;
			children = (
				960117272832762D00D45F93 /* Korail_SwiftUIApp.swift */,
				960117292832762D00D45F93 /* ContentView.swift */,
				9601172B2832762F00D45F93 /* Assets.xcassets */,
				9601172D2832762F00D45F93 /* Preview Content */,
			);
			path = Korail_SwiftUI;
			sourceTree = "<group>";
		};
		9601172D2832762F00D45F93 /* Preview Content */ = {
			isa = PBXGroup;
			children = (
				9601172E2832762F00D45F93 /* Preview Assets.xcassets */,
			);
			path = "Preview Content";
			sourceTree = "<group>";
		};
		960117372832762F00D45F93 /* Korail_SwiftUITests */ = {
			isa = PBXGroup;
			children = (
				960117382832762F00D45F93 /* Korail_SwiftUITests.swift */,
			);
			path = Korail_SwiftUITests;
			sourceTree = "<group>";
		};
		960117412832762F00D45F93 /* Korail_SwiftUIUITests */ = {
			isa = PBXGroup;
			children = (
				960117422832762F00D45F93 /* Korail_SwiftUIUITests.swift */,
				960117442832762F00D45F93 /* Korail_SwiftUIUITestsLaunchTests.swift */,
			);
			path = Korail_SwiftUIUITests;
			sourceTree = "<group>";
		};
/* End PBXGroup section */

/* Begin PBXNativeTarget section */
		960117232832762D00D45F93 /* Korail_SwiftUI */ = {
			isa = PBXNativeTarget;
			buildConfigurationList = 960117482832762F00D45F93 /* Build configuration list for PBXNativeTarget "Korail_SwiftUI" */;
			buildPhases = (
				960117202832762D00D45F93 /* Sources */,
				960117212832762D00D45F93 /* Frameworks */,
				960117222832762D00D45F93 /* Resources */,
			);
			buildRules = (
			);
			dependencies = (
			);
			name = Korail_SwiftUI;
			productName = Korail_SwiftUI;
			productReference = 960117242832762D00D45F93 /* Korail_SwiftUI.app */;
			productType = "com.apple.product-type.application";
		};
		960117332832762F00D45F93 /* Korail_SwiftUITests */ = {
			isa = PBXNativeTarget;
			buildConfigurationList = 9601174B2832762F00D45F93 /* Build configuration list for PBXNativeTarget "Korail_SwiftUITests" */;
			buildPhases = (
				960117302832762F00D45F93 /* Sources */,
				960117312832762F00D45F93 /* Frameworks */,
				960117322832762F00D45F93 /* Resources */,
			);
			buildRules = (
			);
			dependencies = (
				960117362832762F00D45F93 /* PBXTargetDependency */,
			);
			name = Korail_SwiftUITests;
			productName = Korail_SwiftUITests;
			productReference = 960117342832762F00D45F93 /* Korail_SwiftUITests.xctest */;
			productType = "com.apple.product-type.bundle.unit-test";
		};
		9601173D2832762F00D45F93 /* Korail_SwiftUIUITests */ = {
			isa = PBXNativeTarget;
			buildConfigurationList = 9601174E2832762F00D45F93 /* Build configuration list for PBXNativeTarget "Korail_SwiftUIUITests" */;
			buildPhases = (
				9601173A2832762F00D45F93 /* Sources */,
				9601173B2832762F00D45F93 /* Frameworks */,
				9601173C2832762F00D45F93 /* Resources */,
			);
			buildRules = (
			);
			dependencies = (
				960117402832762F00D45F93 /* PBXTargetDependency */,
			);
			name = Korail_SwiftUIUITests;
			productName = Korail_SwiftUIUITests;
			productReference = 9601173E2832762F00D45F93 /* Korail_SwiftUIUITests.xctest */;
			productType = "com.apple.product-type.bundle.ui-testing";
		};
/* End PBXNativeTarget section */

/* Begin PBXProject section */
		9601171C2832762D00D45F93 /* Project object */ = {
			isa = PBXProject;
			attributes = {
				BuildIndependentTargetsInParallel = 1;
				LastSwiftUpdateCheck = 1300;
				LastUpgradeCheck = 1300;
				TargetAttributes = {
					960117232832762D00D45F93 = {
						CreatedOnToolsVersion = 13.0;
					};
					960117332832762F00D45F93 = {
						CreatedOnToolsVersion = 13.0;
						TestTargetID = 960117232832762D00D45F93;
					};
					9601173D2832762F00D45F93 = {
						CreatedOnToolsVersion = 13.0;
						TestTargetID = 960117232832762D00D45F93;
					};
				};
			};
			buildConfigurationList = 9601171F2832762D00D45F93 /* Build configuration list for PBXProject "Korail_SwiftUI" */;
			compatibilityVersion = "Xcode 13.0";
			developmentRegion = en;
			hasScannedForEncodings = 0;
			knownRegions = (
				en,
				Base,
			);
			mainGroup = 9601171B2832762D00D45F93;
			productRefGroup = 960117252832762D00D45F93 /* Products */;
			projectDirPath = "";
			projectRoot = "";
			targets = (
				960117232832762D00D45F93 /* Korail_SwiftUI */,
				960117332832762F00D45F93 /* Korail_SwiftUITests */,
				9601173D2832762F00D45F93 /* Korail_SwiftUIUITests */,
			);
		};
/* End PBXProject section */

/* Begin PBXResourcesBuildPhase section */
		960117222832762D00D45F93 /* Resources */ = {
			isa = PBXResourcesBuildPhase;
			buildActionMask = 2147483647;
			files = (
				9601172F2832762F00D45F93 /* Preview Assets.xcassets in Resources */,
				9601172C2832762F00D45F93 /* Assets.xcassets in Resources */,
			);
			runOnlyForDeploymentPostprocessing = 0;
		};
		960117322832762F00D45F93 /* Resources */ = {
			isa = PBXResourcesBuildPhase;
			buildActionMask = 2147483647;
			files = (
			);
			runOnlyForDeploymentPostprocessing = 0;
		};
		9601173C2832762F00D45F93 /* Resources */ = {
			isa = PBXResourcesBuildPhase;
			buildActionMask = 2147483647;
			files = (
			);
			runOnlyForDeploymentPostprocessing = 0;
		};
/* End PBXResourcesBuildPhase section */

/* Begin PBXSourcesBuildPhase section */
		960117202832762D00D45F93 /* Sources */ = {
			isa = PBXSourcesBuildPhase;
			buildActionMask = 2147483647;
			files = (
				9601172A2832762D00D45F93 /* ContentView.swift in Sources */,
				960117282832762D00D45F93 /* Korail_SwiftUIApp.swift in Sources */,
			);
			runOnlyForDeploymentPostprocessing = 0;
		};
		960117302832762F00D45F93 /* Sources */ = {
			isa = PBXSourcesBuildPhase;
			buildActionMask = 2147483647;
			files = (
				960117392832762F00D45F93 /* Korail_SwiftUITests.swift in Sources */,
			);
			runOnlyForDeploymentPostprocessing = 0;
		};
		9601173A2832762F00D45F93 /* Sources */ = {
			isa = PBXSourcesBuildPhase;
			buildActionMask = 2147483647;
			files = (
				960117452832762F00D45F93 /* Korail_SwiftUIUITestsLaunchTests.swift in Sources */,
				960117432832762F00D45F93 /* Korail_SwiftUIUITests.swift in Sources */,
			);
			runOnlyForDeploymentPostprocessing = 0;
		};
/* End PBXSourcesBuildPhase section */

/* Begin PBXTargetDependency section */
		960117362832762F00D45F93 /* PBXTargetDependency */ = {
			isa = PBXTargetDependency;
			target = 960117232832762D00D45F93 /* Korail_SwiftUI */;
			targetProxy = 960117352832762F00D45F93 /* PBXContainerItemProxy */;
		};
		960117402832762F00D45F93 /* PBXTargetDependency */ = {
			isa = PBXTargetDependency;
			target = 960117232832762D00D45F93 /* Korail_SwiftUI */;
			targetProxy = 9601173F2832762F00D45F93 /* PBXContainerItemProxy */;
		};
/* End PBXTargetDependency section */

/* Begin XCBuildConfiguration section */
		960117462832762F00D45F93 /* Debug */ = {
			isa = XCBuildConfiguration;
			buildSettings = {
				ALWAYS_SEARCH_USER_PATHS = NO;
				CLANG_ANALYZER_NONNULL = YES;
				CLANG_ANALYZER_NUMBER_OBJECT_CONVERSION = YES_AGGRESSIVE;
				CLANG_CXX_LANGUAGE_STANDARD = "gnu++17";
				CLANG_CXX_LIBRARY = "libc++";
				CLANG_ENABLE_MODULES = YES;
				CLANG_ENABLE_OBJC_ARC = YES;
				CLANG_ENABLE_OBJC_WEAK = YES;
				CLANG_WARN_BLOCK_CAPTURE_AUTORELEASING = YES;
				CLANG_WARN_BOOL_CONVERSION = YES;
				CLANG_WARN_COMMA = YES;
				CLANG_WARN_CONSTANT_CONVERSION = YES;
				CLANG_WARN_DEPRECATED_OBJC_IMPLEMENTATIONS = YES;
				CLANG_WARN_DIRECT_OBJC_ISA_USAGE = YES_ERROR;
				CLANG_WARN_DOCUMENTATION_COMMENTS = YES;
				CLANG_WARN_EMPTY_BODY = YES;
				CLANG_WARN_ENUM_CONVERSION = YES;
				CLANG_WARN_INFINITE_RECURSION = YES;
				CLANG_WARN_INT_CONVERSION = YES;
				CLANG_WARN_NON_LITERAL_NULL_CONVERSION = YES;
				CLANG_WARN_OBJC_IMPLICIT_RETAIN_SELF = YES;
				CLANG_WARN_OBJC_LITERAL_CONVERSION = YES;
				CLANG_WARN_OBJC_ROOT_CLASS = YES_ERROR;
				CLANG_WARN_QUOTED_INCLUDE_IN_FRAMEWORK_HEADER = YES;
				CLANG_WARN_RANGE_LOOP_ANALYSIS = YES;
				CLANG_WARN_STRICT_PROTOTYPES = YES;
				CLANG_WARN_SUSPICIOUS_MOVE = YES;
				CLANG_WARN_UNGUARDED_AVAILABILITY = YES_AGGRESSIVE;
				CLANG_WARN_UNREACHABLE_CODE = YES;
				CLANG_WARN__DUPLICATE_METHOD_MATCH = YES;
				COPY_PHASE_STRIP = NO;
				DEBUG_INFORMATION_FORMAT = dwarf;
				ENABLE_STRICT_OBJC_MSGSEND = YES;
				ENABLE_TESTABILITY = YES;
				GCC_C_LANGUAGE_STANDARD = gnu11;
				GCC_DYNAMIC_NO_PIC = NO;
				GCC_NO_COMMON_BLOCKS = YES;
				GCC_OPTIMIZATION_LEVEL = 0;
				GCC_PREPROCESSOR_DEFINITIONS = (
					"DEBUG=1",
					"$(inherited)",
				);
				GCC_WARN_64_TO_32_BIT_CONVERSION = YES;
				GCC_WARN_ABOUT_RETURN_TYPE = YES_ERROR;
				GCC_WARN_UNDECLARED_SELECTOR = YES;
				GCC_WARN_UNINITIALIZED_AUTOS = YES_AGGRESSIVE;
				GCC_WARN_UNUSED_FUNCTION = YES;
				GCC_WARN_UNUSED_VARIABLE = YES;
				IPHONEOS_DEPLOYMENT_TARGET = 15.0;
				MTL_ENABLE_DEBUG_INFO = INCLUDE_SOURCE;
				MTL_FAST_MATH = YES;
				ONLY_ACTIVE_ARCH = YES;
				SDKROOT = iphoneos;
				SWIFT_ACTIVE_COMPILATION_CONDITIONS = DEBUG;
				SWIFT_OPTIMIZATION_LEVEL = "-Onone";
			};
			name = Debug;
		};
		960117472832762F00D45F93 /* Release */ = {
			isa = XCBuildConfiguration;
			buildSettings = {
				ALWAYS_SEARCH_USER_PATHS = NO;
				CLANG_ANALYZER_NONNULL = YES;
				CLANG_ANALYZER_NUMBER_OBJECT_CONVERSION = YES_AGGRESSIVE;
				CLANG_CXX_LANGUAGE_STANDARD = "gnu++17";
				CLANG_CXX_LIBRARY = "libc++";
				CLANG_ENABLE_MODULES = YES;
				CLANG_ENABLE_OBJC_ARC = YES;
				CLANG_ENABLE_OBJC_WEAK = YES;
				CLANG_WARN_BLOCK_CAPTURE_AUTORELEASING = YES;
				CLANG_WARN_BOOL_CONVERSION = YES;
				CLANG_WARN_COMMA = YES;
				CLANG_WARN_CONSTANT_CONVERSION = YES;
				CLANG_WARN_DEPRECATED_OBJC_IMPLEMENTATIONS = YES;
				CLANG_WARN_DIRECT_OBJC_ISA_USAGE = YES_ERROR;
				CLANG_WARN_DOCUMENTATION_COMMENTS = YES;
				CLANG_WARN_EMPTY_BODY = YES;
				CLANG_WARN_ENUM_CONVERSION = YES;
				CLANG_WARN_INFINITE_RECURSION = YES;
				CLANG_WARN_INT_CONVERSION = YES;
				CLANG_WARN_NON_LITERAL_NULL_CONVERSION = YES;
				CLANG_WARN_OBJC_IMPLICIT_RETAIN_SELF = YES;
				CLANG_WARN_OBJC_LITERAL_CONVERSION = YES;
				CLANG_WARN_OBJC_ROOT_CLASS = YES_ERROR;
				CLANG_WARN_QUOTED_INCLUDE_IN_FRAMEWORK_HEADER = YES;
				CLANG_WARN_RANGE_LOOP_ANALYSIS = YES;
				CLANG_WARN_STRICT_PROTOTYPES = YES;
				CLANG_WARN_SUSPICIOUS_MOVE = YES;
				CLANG_WARN_UNGUARDED_AVAILABILITY = YES_AGGRESSIVE;
				CLANG_WARN_UNREACHABLE_CODE = YES;
				CLANG_WARN__DUPLICATE_METHOD_MATCH = YES;
				COPY_PHASE_STRIP = NO;
				DEBUG_INFORMATION_FORMAT = "dwarf-with-dsym";
				ENABLE_NS_ASSERTIONS = NO;
				ENABLE_STRICT_OBJC_MSGSEND = YES;
				GCC_C_LANGUAGE_STANDARD = gnu11;
				GCC_NO_COMMON_BLOCKS = YES;
				GCC_WARN_64_TO_32_BIT_CONVERSION = YES;
				GCC_WARN_ABOUT_RETURN_TYPE = YES_ERROR;
				GCC_WARN_UNDECLARED_SELECTOR = YES;
				GCC_WARN_UNINITIALIZED_AUTOS = YES_AGGRESSIVE;
				GCC_WARN_UNUSED_FUNCTION = YES;
				GCC_WARN_UNUSED_VARIABLE = YES;
				IPHONEOS_DEPLOYMENT_TARGET = 15.0;
				MTL_ENABLE_DEBUG_INFO = NO;
				MTL_FAST_MATH = YES;
				SDKROOT = iphoneos;
				SWIFT_COMPILATION_MODE = wholemodule;
				SWIFT_OPTIMIZATION_LEVEL = "-O";
				VALIDATE_PRODUCT = YES;
			};
			name = Release;
		};
		960117492832762F00D45F93 /* Debug */ = {
			isa = XCBuildConfiguration;
			buildSettings = {
				ASSETCATALOG_COMPILER_APPICON_NAME = AppIcon;
				ASSETCATALOG_COMPILER_GLOBAL_ACCENT_COLOR_NAME = AccentColor;
				CODE_SIGN_STYLE = Automatic;
				CURRENT_PROJECT_VERSION = 1;
				DEVELOPMENT_ASSET_PATHS = "\"Korail_SwiftUI/Preview Content\"";
				DEVELOPMENT_TEAM = 7MM9R793M6;
				ENABLE_PREVIEWS = YES;
				GENERATE_INFOPLIST_FILE = YES;
				INFOPLIST_KEY_UIApplicationSceneManifest_Generation = YES;
				INFOPLIST_KEY_UIApplicationSupportsIndirectInputEvents = YES;
				INFOPLIST_KEY_UILaunchScreen_Generation = YES;
				INFOPLIST_KEY_UISupportedInterfaceOrientations_iPad = "UIInterfaceOrientationPortrait UIInterfaceOrientationPortraitUpsideDown UIInterfaceOrientationLandscapeLeft UIInterfaceOrientationLandscapeRight";
				INFOPLIST_KEY_UISupportedInterfaceOrientations_iPhone = "UIInterfaceOrientationPortrait UIInterfaceOrientationLandscapeLeft UIInterfaceOrientationLandscapeRight";
				IPHONEOS_DEPLOYMENT_TARGET = 14.0;
				LD_RUNPATH_SEARCH_PATHS = (
					"$(inherited)",
					"@executable_path/Frameworks",
				);
				MARKETING_VERSION = 1.0;
				PRODUCT_BUNDLE_IDENTIFIER = "jason.Korail-SwiftUI";
				PRODUCT_NAME = "$(TARGET_NAME)";
				SWIFT_EMIT_LOC_STRINGS = YES;
				SWIFT_VERSION = 5.0;
				TARGETED_DEVICE_FAMILY = "1,2";
			};
			name = Debug;
		};
		9601174A2832762F00D45F93 /* Release */ = {
			isa = XCBuildConfiguration;
			buildSettings = {
				ASSETCATALOG_COMPILER_APPICON_NAME = AppIcon;
				ASSETCATALOG_COMPILER_GLOBAL_ACCENT_COLOR_NAME = AccentColor;
				CODE_SIGN_STYLE = Automatic;
				CURRENT_PROJECT_VERSION = 1;
				DEVELOPMENT_ASSET_PATHS = "\"Korail_SwiftUI/Preview Content\"";
				DEVELOPMENT_TEAM = 7MM9R793M6;
				ENABLE_PREVIEWS = YES;
				GENERATE_INFOPLIST_FILE = YES;
				INFOPLIST_KEY_UIApplicationSceneManifest_Generation = YES;
				INFOPLIST_KEY_UIApplicationSupportsIndirectInputEvents = YES;
				INFOPLIST_KEY_UILaunchScreen_Generation = YES;
				INFOPLIST_KEY_UISupportedInterfaceOrientations_iPad = "UIInterfaceOrientationPortrait UIInterfaceOrientationPortraitUpsideDown UIInterfaceOrientationLandscapeLeft UIInterfaceOrientationLandscapeRight";
				INFOPLIST_KEY_UISupportedInterfaceOrientations_iPhone = "UIInterfaceOrientationPortrait UIInterfaceOrientationLandscapeLeft UIInterfaceOrientationLandscapeRight";
				IPHONEOS_DEPLOYMENT_TARGET = 14.0;
				LD_RUNPATH_SEARCH_PATHS = (
					"$(inherited)",
					"@executable_path/Frameworks",
				);
				MARKETING_VERSION = 1.0;
				PRODUCT_BUNDLE_IDENTIFIER = "jason.Korail-SwiftUI";
				PRODUCT_NAME = "$(TARGET_NAME)";
				SWIFT_EMIT_LOC_STRINGS = YES;
				SWIFT_VERSION = 5.0;
				TARGETED_DEVICE_FAMILY = "1,2";
			};
			name = Release;
		};
		9601174C2832762F00D45F93 /* Debug */ = {
			isa = XCBuildConfiguration;
			buildSettings = {
				ALWAYS_EMBED_SWIFT_STANDARD_LIBRARIES = YES;
				BUNDLE_LOADER = "$(TEST_HOST)";
				CODE_SIGN_STYLE = Automatic;
				CURRENT_PROJECT_VERSION = 1;
				DEVELOPMENT_TEAM = 7MM9R793M6;
				GENERATE_INFOPLIST_FILE = YES;
				IPHONEOS_DEPLOYMENT_TARGET = 14.0;
				LD_RUNPATH_SEARCH_PATHS = (
					"$(inherited)",
					"@executable_path/Frameworks",
					"@loader_path/Frameworks",
				);
				MARKETING_VERSION = 1.0;
				PRODUCT_BUNDLE_IDENTIFIER = "jason.Korail-SwiftUITests";
				PRODUCT_NAME = "$(TARGET_NAME)";
				SWIFT_EMIT_LOC_STRINGS = NO;
				SWIFT_VERSION = 5.0;
				TARGETED_DEVICE_FAMILY = "1,2";
				TEST_HOST = "$(BUILT_PRODUCTS_DIR)/Korail_SwiftUI.app/Korail_SwiftUI";
			};
			name = Debug;
		};
		9601174D2832762F00D45F93 /* Release */ = {
			isa = XCBuildConfiguration;
			buildSettings = {
				ALWAYS_EMBED_SWIFT_STANDARD_LIBRARIES = YES;
				BUNDLE_LOADER = "$(TEST_HOST)";
				CODE_SIGN_STYLE = Automatic;
				CURRENT_PROJECT_VERSION = 1;
				DEVELOPMENT_TEAM = 7MM9R793M6;
				GENERATE_INFOPLIST_FILE = YES;
				IPHONEOS_DEPLOYMENT_TARGET = 14.0;
				LD_RUNPATH_SEARCH_PATHS = (
					"$(inherited)",
					"@executable_path/Frameworks",
					"@loader_path/Frameworks",
				);
				MARKETING_VERSION = 1.0;
				PRODUCT_BUNDLE_IDENTIFIER = "jason.Korail-SwiftUITests";
				PRODUCT_NAME = "$(TARGET_NAME)";
				SWIFT_EMIT_LOC_STRINGS = NO;
				SWIFT_VERSION = 5.0;
				TARGETED_DEVICE_FAMILY = "1,2";
				TEST_HOST = "$(BUILT_PRODUCTS_DIR)/Korail_SwiftUI.app/Korail_SwiftUI";
			};
			name = Release;
		};
		9601174F2832762F00D45F93 /* Debug */ = {
			isa = XCBuildConfiguration;
			buildSettings = {
				ALWAYS_EMBED_SWIFT_STANDARD_LIBRARIES = YES;
				CODE_SIGN_STYLE = Automatic;
				CURRENT_PROJECT_VERSION = 1;
				DEVELOPMENT_TEAM = 7MM9R793M6;
				GENERATE_INFOPLIST_FILE = YES;
				LD_RUNPATH_SEARCH_PATHS = (
					"$(inherited)",
					"@executable_path/Frameworks",
					"@loader_path/Frameworks",
				);
				MARKETING_VERSION = 1.0;
				PRODUCT_BUNDLE_IDENTIFIER = "jason.Korail-SwiftUIUITests";
				PRODUCT_NAME = "$(TARGET_NAME)";
				SWIFT_EMIT_LOC_STRINGS = NO;
				SWIFT_VERSION = 5.0;
				TARGETED_DEVICE_FAMILY = "1,2";
				TEST_TARGET_NAME = Korail_SwiftUI;
			};
			name = Debug;
		};
		960117502832762F00D45F93 /* Release */ = {
			isa = XCBuildConfiguration;
			buildSettings = {
				ALWAYS_EMBED_SWIFT_STANDARD_LIBRARIES = YES;
				CODE_SIGN_STYLE = Automatic;
				CURRENT_PROJECT_VERSION = 1;
				DEVELOPMENT_TEAM = 7MM9R793M6;
				GENERATE_INFOPLIST_FILE = YES;
				LD_RUNPATH_SEARCH_PATHS = (
					"$(inherited)",
					"@executable_path/Frameworks",
					"@loader_path/Frameworks",
				);
				MARKETING_VERSION = 1.0;
				PRODUCT_BUNDLE_IDENTIFIER = "jason.Korail-SwiftUIUITests";
				PRODUCT_NAME = "$(TARGET_NAME)";
				SWIFT_EMIT_LOC_STRINGS = NO;
				SWIFT_VERSION = 5.0;
				TARGETED_DEVICE_FAMILY = "1,2";
				TEST_TARGET_NAME = Korail_SwiftUI;
			};
			name = Release;
		};
/* End XCBuildConfiguration section */

/* Begin XCConfigurationList section */
		9601171F2832762D00D45F93 /* Build configuration list for PBXProject "Korail_SwiftUI" */ = {
			isa = XCConfigurationList;
			buildConfigurations = (
				960117462832762F00D45F93 /* Debug */,
				960117472832762F00D45F93 /* Release */,
			);
			defaultConfigurationIsVisible = 0;
			defaultConfigurationName = Release;
		};
		960117482832762F00D45F93 /* Build configuration list for PBXNativeTarget "Korail_SwiftUI" */ = {
			isa = XCConfigurationList;
			buildConfigurations = (
				960117492832762F00D45F93 /* Debug */,
				9601174A2832762F00D45F93 /* Release */,
			);
			defaultConfigurationIsVisible = 0;
			defaultConfigurationName = Release;
		};
		9601174B2832762F00D45F93 /* Build configuration list for PBXNativeTarget "Korail_SwiftUITests" */ = {
			isa = XCConfigurationList;
			buildConfigurations = (
				9601174C2832762F00D45F93 /* Debug */,
				9601174D2832762F00D45F93 /* Release */,
			);
			defaultConfigurationIsVisible = 0;
			defaultConfigurationName = Release;
		};
		9601174E2832762F00D45F93 /* Build configuration list for PBXNativeTarget "Korail_SwiftUIUITests" */ = {
			isa = XCConfigurationList;
			buildConfigurations = (
				9601174F2832762F00D45F93 /* Debug */,
				960117502832762F00D45F93 /* Release */,
			);
			defaultConfigurationIsVisible = 0;
			defaultConfigurationName = Release;
		};
/* End XCConfigurationList section */
	};
	rootObject = 9601171C2832762D00D45F93 /* Project object */;
}
